
Microsoft Visual Studio Solution File, Format Version 12.00
# Visual Studio Version 16
VisualStudioVersion = 16.0.36227.6
MinimumVisualStudioVersion = 10.0.40219.1
Project("{FAE04EC0-301F-11D3-BF4B-00C04F79EFBC}") = "Prac3.2_creative_55898939", "Prac3.2_creative_55898939.csproj", "{DE471F9A-EF2B-485E-A2CB-C6E44C9D7740}"
EndProject
Global
	GlobalSection(SolutionConfigurationPlatforms) = preSolution
		Debug|Any CPU = Debug|Any CPU
		Release|Any CPU = Release|Any CPU
	EndGlobalSection
	GlobalSection(ProjectConfigurationPlatforms) = postSolution
		{DE471F9A-EF2B-485E-A2CB-C6E44C9D7740}.Debug|Any CPU.ActiveCfg = Debug|Any CPU
		{DE471F9A-EF2B-485E-A2CB-C6E44C9D7740}.Debug|Any CPU.Build.0 = Debug|Any CPU
		{DE471F9A-EF2B-485E-A2CB-C6E44C9D7740}.Release|Any CPU.ActiveCfg = Release|Any CPU
		{DE471F9A-EF2B-485E-A2CB-C6E44C9D7740}.Release|Any CPU.Build.0 = Release|Any CPU
	EndGlobalSection
	GlobalSection(SolutionProperties) = preSolution
		HideSolutionNode = FALSE
	EndGlobalSection
	GlobalSection(ExtensibilityGlobals) = postSolution
		SolutionGuid = {657A441A-DACB-4B57-AAD5-1BDBD4ECAA2E}
	EndGlobalSection
EndGlobal
